<?xml version="1.0" encoding="utf-8"?>
<Project ToolsVersion="4.0" xmlns="http://schemas.microsoft.com/developer/msbuild/2003">
  <ItemGroup>
    <Filter Include="Archimedes">
      <UniqueIdentifier>{9A3EC0BB-86F6-0109-EFFD-DA64DBD49CF9}</UniqueIdentifier>
    </Filter>
  </ItemGroup>
  <ItemGroup>
    <ClInclude Include="src\Archimedes.h" />
    <ClInclude Include="src\Archimedes\Application.h">
      <Filter>Archimedes</Filter>
    </ClInclude>
    <ClInclude Include="src\Archimedes\Core.h">
      <Filter>Archimedes</Filter>
    </ClInclude>
    <ClInclude Include="src\Archimedes\Entrypoint.h">
      <Filter>Archimedes</Filter>
    </ClInclude>
    <ClInclude Include="src\Archimedes\Log.h">
      <Filter>Archimedes</Filter>
    </ClInclude>
    <ClInclude Include="src\Archimedes\Window.h">
      <Filter>Archimedes</Filter>
    </ClInclude>
    <ClInclude Include="src\Archimedes\Shader.h" />
    <ClInclude Include="src\Archimedes\stb_Image.h" />
    <ClInclude Include="src\Archimedes\Texture.h" />
  </ItemGroup>
  <ItemGroup>
    <ClCompile Include="src\Archimedes\Application.cpp">
      <Filter>Archimedes</Filter>
    </ClCompile>
    <ClCompile Include="src\Archimedes\Log.cpp">
      <Filter>Archimedes</Filter>
    </ClCompile>
    <ClCompile Include="src\Archimedes\Window.cpp" />
    <ClCompile Include="src\Archimedes\Shader.cpp" />
    <ClCompile Include="src\Archimedes\Texture.cpp" />
  </ItemGroup>
</Project>